
Microsoft Visual Studio Solution File, Format Version 12.00
# Visual Studio 2012
Project("{FAE04EC0-301F-11D3-BF4B-00C04F79EFBC}") = "WebApp", "WebApp\WebApp.csproj", "{BC57D1E8-476F-4F3F-BDEE-4CAD437A95FC}"
EndProject
Project("{FAE04EC0-301F-11D3-BF4B-00C04F79EFBC}") = "Data", "..\Data\Data.csproj", "{5F84FA73-094E-409D-BD23-747EE610367B}"
EndProject
Project("{FAE04EC0-301F-11D3-BF4B-00C04F79EFBC}") = "Logic", "Logic\Logic.csproj", "{736471E5-7469-4B1E-83E9-CC56A370B07A}"
EndProject
Global
	GlobalSection(SolutionConfigurationPlatforms) = preSolution
		Debug|Any CPU = Debug|Any CPU
		Release|Any CPU = Release|Any CPU
	EndGlobalSection
	GlobalSection(ProjectConfigurationPlatforms) = postSolution
		{BC57D1E8-476F-4F3F-BDEE-4CAD437A95FC}.Debug|Any CPU.ActiveCfg = Debug|Any CPU
		{BC57D1E8-476F-4F3F-BDEE-4CAD437A95FC}.Debug|Any CPU.Build.0 = Debug|Any CPU
		{BC57D1E8-476F-4F3F-BDEE-4CAD437A95FC}.Release|Any CPU.ActiveCfg = Release|Any CPU
		{BC57D1E8-476F-4F3F-BDEE-4CAD437A95FC}.Release|Any CPU.Build.0 = Release|Any CPU
		{5F84FA73-094E-409D-BD23-747EE610367B}.Debug|Any CPU.ActiveCfg = Debug|Any CPU
		{5F84FA73-094E-409D-BD23-747EE610367B}.Debug|Any CPU.Build.0 = Debug|Any CPU
		{5F84FA73-094E-409D-BD23-747EE610367B}.Release|Any CPU.ActiveCfg = Release|Any CPU
		{5F84FA73-094E-409D-BD23-747EE610367B}.Release|Any CPU.Build.0 = Release|Any CPU
		{736471E5-7469-4B1E-83E9-CC56A370B07A}.Debug|Any CPU.ActiveCfg = Debug|Any CPU
		{736471E5-7469-4B1E-83E9-CC56A370B07A}.Debug|Any CPU.Build.0 = Debug|Any CPU
		{736471E5-7469-4B1E-83E9-CC56A370B07A}.Release|Any CPU.ActiveCfg = Release|Any CPU
		{736471E5-7469-4B1E-83E9-CC56A370B07A}.Release|Any CPU.Build.0 = Release|Any CPU
	EndGlobalSection
	GlobalSection(SolutionProperties) = preSolution
		HideSolutionNode = FALSE
	EndGlobalSection
EndGlobal
